
Microsoft Visual Studio Solution File, Format Version 12.00
# Visual Studio Version 17
VisualStudioVersion = 17.7.34018.315
MinimumVisualStudioVersion = 10.0.40219.1
Project("{9A19103F-16F7-4668-BE54-9A1E7A4F7556}") = "第一个程序", "ConsoleApp3\第一个程序.csproj", "{D54A48A3-D00E-4E4F-AD91-A50ACC0BC7E3}"
EndProject
Project("{9A19103F-16F7-4668-BE54-9A1E7A4F7556}") = "笛卡尔2", "笛卡尔2\笛卡尔2.csproj", "{098A5196-8EDC-4716-88B7-20ECD57A5C58}"
EndProject
Project("{9A19103F-16F7-4668-BE54-9A1E7A4F7556}") = "转换", "转换\转换.csproj", "{7D7AE960-310C-4A2C-9AF3-4F214C4D451B}"
EndProject
Project("{9A19103F-16F7-4668-BE54-9A1E7A4F7556}") = "数组", "数组\数组.csproj", "{3ADA11AA-136B-41EA-A39F-5B7595579022}"
EndProject
Project("{9A19103F-16F7-4668-BE54-9A1E7A4F7556}") = "计算面积", "计算面积\计算面积.csproj", "{2880AF6A-9F97-460E-AFAD-E2C76F0100F4}"
EndProject
Project("{9A19103F-16F7-4668-BE54-9A1E7A4F7556}") = "矩阵运算", "矩阵运算\矩阵运算.csproj", "{3ACB9C4B-CD7A-4DD8-9476-F2579D4DA02A}"
EndProject
Project("{9A19103F-16F7-4668-BE54-9A1E7A4F7556}") = "大地坐标系转空间坐标系", "大地坐标系转空间坐标系\大地坐标系转空间坐标系.csproj", "{91453BF4-06C9-40E3-A23A-DDE3C7F4D773}"
EndProject
Project("{FAE04EC0-301F-11D3-BF4B-00C04F79EFBC}") = "窗口矩阵", "窗口矩阵\窗口矩阵.csproj", "{A0C000DA-4CB5-4D72-A0D7-DD78F0C2B7CD}"
EndProject
Global
	GlobalSection(SolutionConfigurationPlatforms) = preSolution
		Debug|Any CPU = Debug|Any CPU
		Release|Any CPU = Release|Any CPU
	EndGlobalSection
	GlobalSection(ProjectConfigurationPlatforms) = postSolution
		{D54A48A3-D00E-4E4F-AD91-A50ACC0BC7E3}.Debug|Any CPU.ActiveCfg = Debug|Any CPU
		{D54A48A3-D00E-4E4F-AD91-A50ACC0BC7E3}.Debug|Any CPU.Build.0 = Debug|Any CPU
		{D54A48A3-D00E-4E4F-AD91-A50ACC0BC7E3}.Release|Any CPU.ActiveCfg = Release|Any CPU
		{D54A48A3-D00E-4E4F-AD91-A50ACC0BC7E3}.Release|Any CPU.Build.0 = Release|Any CPU
		{098A5196-8EDC-4716-88B7-20ECD57A5C58}.Debug|Any CPU.ActiveCfg = Debug|Any CPU
		{098A5196-8EDC-4716-88B7-20ECD57A5C58}.Debug|Any CPU.Build.0 = Debug|Any CPU
		{098A5196-8EDC-4716-88B7-20ECD57A5C58}.Release|Any CPU.ActiveCfg = Release|Any CPU
		{098A5196-8EDC-4716-88B7-20ECD57A5C58}.Release|Any CPU.Build.0 = Release|Any CPU
		{7D7AE960-310C-4A2C-9AF3-4F214C4D451B}.Debug|Any CPU.ActiveCfg = Debug|Any CPU
		{7D7AE960-310C-4A2C-9AF3-4F214C4D451B}.Debug|Any CPU.Build.0 = Debug|Any CPU
		{7D7AE960-310C-4A2C-9AF3-4F214C4D451B}.Release|Any CPU.ActiveCfg = Release|Any CPU
		{7D7AE960-310C-4A2C-9AF3-4F214C4D451B}.Release|Any CPU.Build.0 = Release|Any CPU
		{3ADA11AA-136B-41EA-A39F-5B7595579022}.Debug|Any CPU.ActiveCfg = Debug|Any CPU
		{3ADA11AA-136B-41EA-A39F-5B7595579022}.Debug|Any CPU.Build.0 = Debug|Any CPU
		{3ADA11AA-136B-41EA-A39F-5B7595579022}.Release|Any CPU.ActiveCfg = Release|Any CPU
		{3ADA11AA-136B-41EA-A39F-5B7595579022}.Release|Any CPU.Build.0 = Release|Any CPU
		{2880AF6A-9F97-460E-AFAD-E2C76F0100F4}.Debug|Any CPU.ActiveCfg = Debug|Any CPU
		{2880AF6A-9F97-460E-AFAD-E2C76F0100F4}.Debug|Any CPU.Build.0 = Debug|Any CPU
		{2880AF6A-9F97-460E-AFAD-E2C76F0100F4}.Release|Any CPU.ActiveCfg = Release|Any CPU
		{2880AF6A-9F97-460E-AFAD-E2C76F0100F4}.Release|Any CPU.Build.0 = Release|Any CPU
		{3ACB9C4B-CD7A-4DD8-9476-F2579D4DA02A}.Debug|Any CPU.ActiveCfg = Debug|Any CPU
		{3ACB9C4B-CD7A-4DD8-9476-F2579D4DA02A}.Debug|Any CPU.Build.0 = Debug|Any CPU
		{3ACB9C4B-CD7A-4DD8-9476-F2579D4DA02A}.Release|Any CPU.ActiveCfg = Release|Any CPU
		{3ACB9C4B-CD7A-4DD8-9476-F2579D4DA02A}.Release|Any CPU.Build.0 = Release|Any CPU
		{91453BF4-06C9-40E3-A23A-DDE3C7F4D773}.Debug|Any CPU.ActiveCfg = Debug|Any CPU
		{91453BF4-06C9-40E3-A23A-DDE3C7F4D773}.Debug|Any CPU.Build.0 = Debug|Any CPU
		{91453BF4-06C9-40E3-A23A-DDE3C7F4D773}.Release|Any CPU.ActiveCfg = Release|Any CPU
		{91453BF4-06C9-40E3-A23A-DDE3C7F4D773}.Release|Any CPU.Build.0 = Release|Any CPU
		{A0C000DA-4CB5-4D72-A0D7-DD78F0C2B7CD}.Debug|Any CPU.ActiveCfg = Debug|Any CPU
		{A0C000DA-4CB5-4D72-A0D7-DD78F0C2B7CD}.Debug|Any CPU.Build.0 = Debug|Any CPU
		{A0C000DA-4CB5-4D72-A0D7-DD78F0C2B7CD}.Release|Any CPU.ActiveCfg = Release|Any CPU
		{A0C000DA-4CB5-4D72-A0D7-DD78F0C2B7CD}.Release|Any CPU.Build.0 = Release|Any CPU
	EndGlobalSection
	GlobalSection(SolutionProperties) = preSolution
		HideSolutionNode = FALSE
	EndGlobalSection
	GlobalSection(ExtensibilityGlobals) = postSolution
		SolutionGuid = {37E55327-5AB8-4157-BB4B-91E7C88E9CB5}
	EndGlobalSection
EndGlobal
